#MicroXplorer Configuration settings - do not modify
ADC1.Channel-10\#ChannelRegularConversion=ADC_CHANNEL_0
ADC1.Channel-11\#ChannelRegularConversion=ADC_CHANNEL_0
ADC1.Channel-12\#ChannelRegularConversion=ADC_CHANNEL_0
ADC1.Channel-13\#ChannelRegularConversion=ADC_CHANNEL_0
ADC1.Channel-14\#ChannelRegularConversion=ADC_CHANNEL_0
ADC1.Channel-8\#ChannelRegularConversion=ADC_CHANNEL_0
ADC1.Channel-9\#ChannelRegularConversion=ADC_CHANNEL_0
ADC1.ContinuousConvMode=DISABLE
ADC1.DMAContinuousRequests=ENABLE
ADC1.EOCSelection=ADC_EOC_SEQ_CONV
ADC1.ExternalTrigConv=ADC_EXTERNALTRIGCONV_T3_TRGO
ADC1.ExternalTrigConvEdge=ADC_EXTERNALTRIGCONVEDGE_RISING
ADC1.IPParameters=master,NbrOfConversionFlag,ExternalTrigConv,NbrOfConversion,DMAContinuousRequests,EOCSelection,InjNumberOfConversion,ExternalTrigConvEdge,ContinuousConvMode,Rank-8\#ChannelRegularConversion,Channel-8\#ChannelRegularConversion,SamplingTime-8\#ChannelRegularConversion,Rank-9\#ChannelRegularConversion,Channel-9\#ChannelRegularConversion,SamplingTime-9\#ChannelRegularConversion,Rank-10\#ChannelRegularConversion,Channel-10\#ChannelRegularConversion,SamplingTime-10\#ChannelRegularConversion,Rank-11\#ChannelRegularConversion,Channel-11\#ChannelRegularConversion,SamplingTime-11\#ChannelRegularConversion,Rank-12\#ChannelRegularConversion,Channel-12\#ChannelRegularConversion,SamplingTime-12\#ChannelRegularConversion,Rank-13\#ChannelRegularConversion,Channel-13\#ChannelRegularConversion,SamplingTime-13\#ChannelRegularConversion,Rank-14\#ChannelRegularConversion,Channel-14\#ChannelRegularConversion,SamplingTime-14\#ChannelRegularConversion
ADC1.InjNumberOfConversion=0
ADC1.NbrOfConversion=8
ADC1.NbrOfConversionFlag=1
ADC1.Rank-10\#ChannelRegularConversion=4
ADC1.Rank-11\#ChannelRegularConversion=5
ADC1.Rank-12\#ChannelRegularConversion=6
ADC1.Rank-13\#ChannelRegularConversion=7
ADC1.Rank-14\#ChannelRegularConversion=8
ADC1.Rank-8\#ChannelRegularConversion=2
ADC1.Rank-9\#ChannelRegularConversion=3
ADC1.SamplingTime-10\#ChannelRegularConversion=ADC_SAMPLETIME_3CYCLES
ADC1.SamplingTime-11\#ChannelRegularConversion=ADC_SAMPLETIME_3CYCLES
ADC1.SamplingTime-12\#ChannelRegularConversion=ADC_SAMPLETIME_3CYCLES
ADC1.SamplingTime-13\#ChannelRegularConversion=ADC_SAMPLETIME_3CYCLES
ADC1.SamplingTime-14\#ChannelRegularConversion=ADC_SAMPLETIME_3CYCLES
ADC1.SamplingTime-8\#ChannelRegularConversion=ADC_SAMPLETIME_3CYCLES
ADC1.SamplingTime-9\#ChannelRegularConversion=ADC_SAMPLETIME_3CYCLES
ADC1.master=1
Dma.ADC1.0.Direction=DMA_PERIPH_TO_MEMORY
Dma.ADC1.0.FIFOMode=DMA_FIFOMODE_ENABLE
Dma.ADC1.0.FIFOThreshold=DMA_FIFO_THRESHOLD_FULL
Dma.ADC1.0.Instance=DMA2_Stream0
Dma.ADC1.0.MemBurst=DMA_MBURST_INC4
Dma.ADC1.0.MemDataAlignment=DMA_MDATAALIGN_HALFWORD
Dma.ADC1.0.MemInc=DMA_MINC_ENABLE
Dma.ADC1.0.Mode=DMA_CIRCULAR
Dma.ADC1.0.PeriphBurst=DMA_PBURST_INC4
Dma.ADC1.0.PeriphDataAlignment=DMA_PDATAALIGN_HALFWORD
Dma.ADC1.0.PeriphInc=DMA_PINC_DISABLE
Dma.ADC1.0.Priority=DMA_PRIORITY_HIGH
Dma.ADC1.0.RequestParameters=Instance,Direction,PeriphInc,MemInc,PeriphDataAlignment,MemDataAlignment,Mode,Priority,FIFOMode,FIFOThreshold,MemBurst,PeriphBurst
Dma.Request0=ADC1
Dma.RequestsNb=1
File.Version=6
GPIO.groupedBy=Group By Peripherals
KeepUserPlacement=false
Mcu.CPN=STM32F411CEU6
Mcu.Family=STM32F4
Mcu.IP0=ADC1
Mcu.IP1=DMA
Mcu.IP2=NVIC
Mcu.IP3=RCC
Mcu.IP4=SYS
Mcu.IP5=TIM3
Mcu.IPNb=6
Mcu.Name=STM32F411C(C-E)Ux
Mcu.Package=UFQFPN48
Mcu.Pin0=PH0 - OSC_IN
Mcu.Pin1=PH1 - OSC_OUT
Mcu.Pin10=VP_SYS_VS_Systick
Mcu.Pin11=VP_TIM3_VS_ClockSourceINT
Mcu.Pin2=PA0-WKUP
Mcu.Pin3=PA1
Mcu.Pin4=PA3
Mcu.Pin5=PA4
Mcu.Pin6=PA5
Mcu.Pin7=PA6
Mcu.Pin8=PA7
Mcu.Pin9=PB0
Mcu.PinsNb=12
Mcu.ThirdPartyNb=0
Mcu.UserConstants=
Mcu.UserName=STM32F411CEUx
MxCube.Version=6.6.1
MxDb.Version=DB.6.0.60
NVIC.BusFault_IRQn=true\:0\:0\:false\:false\:true\:false\:false\:false
NVIC.DMA2_Stream0_IRQn=true\:0\:0\:false\:false\:true\:false\:true\:true
NVIC.DebugMonitor_IRQn=true\:0\:0\:false\:false\:true\:false\:false\:false
NVIC.ForceEnableDMAVector=true
NVIC.HardFault_IRQn=true\:0\:0\:false\:false\:true\:false\:false\:false
NVIC.MemoryManagement_IRQn=true\:0\:0\:false\:false\:true\:false\:false\:false
NVIC.NonMaskableInt_IRQn=true\:0\:0\:false\:false\:true\:false\:false\:false
NVIC.PendSV_IRQn=true\:0\:0\:false\:false\:true\:false\:false\:false
NVIC.PriorityGroup=NVIC_PRIORITYGROUP_4
NVIC.SVCall_IRQn=true\:0\:0\:false\:false\:true\:false\:false\:false
NVIC.SysTick_IRQn=true\:15\:0\:false\:false\:true\:false\:true\:false
NVIC.UsageFault_IRQn=true\:0\:0\:false\:false\:true\:false\:false\:false
PA0-WKUP.GPIOParameters=GPIO_Label
PA0-WKUP.GPIO_Label=Channel 0
PA0-WKUP.Signal=ADCx_IN0
PA1.GPIOParameters=GPIO_Label
PA1.GPIO_Label=Channel 1
PA1.Signal=ADCx_IN1
PA3.GPIOParameters=GPIO_Label
PA3.GPIO_Label=Channel 2
PA3.Signal=ADCx_IN3
PA4.GPIOParameters=GPIO_Label
PA4.GPIO_Label=Channel 3
PA4.Signal=ADCx_IN4
PA5.GPIOParameters=GPIO_Label
PA5.GPIO_Label=Channel 4
PA5.Signal=ADCx_IN5
PA6.GPIOParameters=GPIO_Label
PA6.GPIO_Label=Channel 5
PA6.Signal=ADCx_IN6
PA7.GPIOParameters=GPIO_Label
PA7.GPIO_Label=Channel 6
PA7.Signal=ADCx_IN7
PB0.GPIOParameters=GPIO_Label
PB0.GPIO_Label=Channe 7
PB0.Signal=ADCx_IN8
PH0\ -\ OSC_IN.Mode=HSE-External-Oscillator
PH0\ -\ OSC_IN.Signal=RCC_OSC_IN
PH1\ -\ OSC_OUT.Mode=HSE-External-Oscillator
PH1\ -\ OSC_OUT.Signal=RCC_OSC_OUT
PinOutPanel.RotationAngle=0
ProjectManager.AskForMigrate=true
ProjectManager.BackupPrevious=false
ProjectManager.CompilerOptimize=6
ProjectManager.ComputerToolchain=false
ProjectManager.CoupleFile=false
ProjectManager.CustomerFirmwarePackage=
ProjectManager.DefaultFWLocation=true
ProjectManager.DeletePrevious=true
ProjectManager.DeviceId=STM32F411CEUx
ProjectManager.FirmwarePackage=STM32Cube FW_F4 V1.27.1
ProjectManager.FreePins=false
ProjectManager.HalAssertFull=false
ProjectManager.HeapSize=0x200
ProjectManager.KeepUserCode=true
ProjectManager.LastFirmware=true
ProjectManager.LibraryCopy=1
ProjectManager.MainLocation=Core/Src
ProjectManager.NoMain=true
ProjectManager.PreviousToolchain=STM32CubeIDE
ProjectManager.ProjectBuild=false
ProjectManager.ProjectFileName=STM32F411-adc.ioc
ProjectManager.ProjectName=STM32F411-adc
ProjectManager.RegisterCallBack=
ProjectManager.StackSize=0x400
ProjectManager.TargetToolchain=STM32CubeIDE
ProjectManager.ToolChainLocation=
ProjectManager.UnderRoot=true
ProjectManager.functionlistsort=1-SystemClock_Config-RCC-false-HAL-true,2-MX_GPIO_Init-GPIO-false-HAL-true,3-MX_DMA_Init-DMA-false-HAL-true,4-MX_ADC1_Init-ADC1-false-HAL-true,5-MX_TIM3_Init-TIM3-false-HAL-true
RCC.48MHZClocksFreq_Value=48000000
RCC.AHBFreq_Value=60000000
RCC.APB1CLKDivider=RCC_HCLK_DIV2
RCC.APB1Freq_Value=30000000
RCC.APB1TimFreq_Value=60000000
RCC.APB2Freq_Value=60000000
RCC.APB2TimFreq_Value=60000000
RCC.CortexFreq_Value=60000000
RCC.EthernetFreq_Value=60000000
RCC.FCLKCortexFreq_Value=60000000
RCC.FamilyName=M
RCC.HCLKFreq_Value=60000000
RCC.HSE_VALUE=25000000
RCC.HSI_VALUE=16000000
RCC.I2SClocksFreq_Value=150000000
RCC.IPParameters=48MHZClocksFreq_Value,AHBFreq_Value,APB1CLKDivider,APB1Freq_Value,APB1TimFreq_Value,APB2Freq_Value,APB2TimFreq_Value,CortexFreq_Value,EthernetFreq_Value,FCLKCortexFreq_Value,FamilyName,HCLKFreq_Value,HSE_VALUE,HSI_VALUE,I2SClocksFreq_Value,LSE_VALUE,LSI_VALUE,PLLCLKFreq_Value,PLLM,PLLN,PLLP,PLLQ,PLLQCLKFreq_Value,PLLSourceVirtual,RTCFreq_Value,RTCHSEDivFreq_Value,SYSCLKFreq_VALUE,SYSCLKSource,VCOI2SOutputFreq_Value,VCOInputFreq_Value,VCOInputMFreq_Value,VCOOutputFreq_Value,VcooutputI2S
RCC.LSE_VALUE=32768
RCC.LSI_VALUE=32000
RCC.PLLCLKFreq_Value=60000000
RCC.PLLM=15
RCC.PLLN=144
RCC.PLLP=RCC_PLLP_DIV4
RCC.PLLQ=5
RCC.PLLQCLKFreq_Value=48000000
RCC.PLLSourceVirtual=RCC_PLLSOURCE_HSE
RCC.RTCFreq_Value=32000
RCC.RTCHSEDivFreq_Value=12500000
RCC.SYSCLKFreq_VALUE=60000000
RCC.SYSCLKSource=RCC_SYSCLKSOURCE_PLLCLK
RCC.VCOI2SOutputFreq_Value=300000000
RCC.VCOInputFreq_Value=1666666.6666666667
RCC.VCOInputMFreq_Value=1562500
RCC.VCOOutputFreq_Value=240000000
RCC.VcooutputI2S=150000000
SH.ADCx_IN0.0=ADC1_IN0,IN0
SH.ADCx_IN0.ConfNb=1
SH.ADCx_IN1.0=ADC1_IN1,IN1
SH.ADCx_IN1.ConfNb=1
SH.ADCx_IN3.0=ADC1_IN3,IN3
SH.ADCx_IN3.ConfNb=1
SH.ADCx_IN4.0=ADC1_IN4,IN4
SH.ADCx_IN4.ConfNb=1
SH.ADCx_IN5.0=ADC1_IN5,IN5
SH.ADCx_IN5.ConfNb=1
SH.ADCx_IN6.0=ADC1_IN6,IN6
SH.ADCx_IN6.ConfNb=1
SH.ADCx_IN7.0=ADC1_IN7,IN7
SH.ADCx_IN7.ConfNb=1
SH.ADCx_IN8.0=ADC1_IN8,IN8
SH.ADCx_IN8.ConfNb=1
TIM3.IPParameters=TIM_MasterSlaveMode,TIM_MasterOutputTrigger,Prescaler,Period
TIM3.Period=44100
TIM3.Prescaler=600
TIM3.TIM_MasterOutputTrigger=TIM_TRGO_UPDATE
TIM3.TIM_MasterSlaveMode=TIM_MASTERSLAVEMODE_ENABLE
VP_SYS_VS_Systick.Mode=SysTick
VP_SYS_VS_Systick.Signal=SYS_VS_Systick
VP_TIM3_VS_ClockSourceINT.Mode=Internal
VP_TIM3_VS_ClockSourceINT.Signal=TIM3_VS_ClockSourceINT
board=custom
isbadioc=false
